// !$*UTF8*$!
{
	archiveVersion = 1;
	classes = {
	};
	objectVersion = 77;
	objects = {

/* Begin PBXContainerItemProxy section */
		FA35F9642D63E8AE00471A66 /* PBXContainerItemProxy */ = {
			isa = PBXContainerItemProxy;
			containerPortal = FA35F94B2D63E8AC00471A66 /* Project object */;
			proxyType = 1;
			remoteGlobalIDString = FA35F9522D63E8AC00471A66;
			remoteInfo = FruitWalk;
		};
		FA35F96E2D63E8AE00471A66 /* PBXContainerItemProxy */ = {
			isa = PBXContainerItemProxy;
			containerPortal = FA35F94B2D63E8AC00471A66 /* Project object */;
			proxyType = 1;
			remoteGlobalIDString = FA35F9522D63E8AC00471A66;
			remoteInfo = FruitWalk;
		};
/* End PBXContainerItemProxy section */

/* Begin PBXFileReference section */
		FA35F9532D63E8AC00471A66 /* FruitWalk.app */ = {isa = PBXFileReference; explicitFileType = wrapper.application; includeInIndex = 0; path = FruitWalk.app; sourceTree = BUILT_PRODUCTS_DIR; };
		FA35F9632D63E8AE00471A66 /* FruitWalkTests.xctest */ = {isa = PBXFileReference; explicitFileType = wrapper.cfbundle; includeInIndex = 0; path = FruitWalkTests.xctest; sourceTree = BUILT_PRODUCTS_DIR; };
		FA35F96D2D63E8AE00471A66 /* FruitWalkUITests.xctest */ = {isa = PBXFileReference; explicitFileType = wrapper.cfbundle; includeInIndex = 0; path = FruitWalkUITests.xctest; sourceTree = BUILT_PRODUCTS_DIR; };
/* End PBXFileReference section */

/* Begin PBXFileSystemSynchronizedRootGroup section */
		FA35F9552D63E8AC00471A66 /* FruitWalk */ = {
			isa = PBXFileSystemSynchronizedRootGroup;
			path = FruitWalk;
			sourceTree = "<group>";
		};
		FA35F9662D63E8AE00471A66 /* FruitWalkTests */ = {
			isa = PBXFileSystemSynchronizedRootGroup;
			path = FruitWalkTests;
			sourceTree = "<group>";
		};
		FA35F9702D63E8AE00471A66 /* FruitWalkUITests */ = {
			isa = PBXFileSystemSynchronizedRootGroup;
			path = FruitWalkUITests;
			sourceTree = "<group>";
		};
/* End PBXFileSystemSynchronizedRootGroup section */

/* Begin PBXFrameworksBuildPhase section */
		FA35F9502D63E8AC00471A66 /* Frameworks */ = {
			isa = PBXFrameworksBuildPhase;
			buildActionMask = 2147483647;
			files = (
			);
			runOnlyForDeploymentPostprocessing = 0;
		};
		FA35F9602D63E8AE00471A66 /* Frameworks */ = {
			isa = PBXFrameworksBuildPhase;
			buildActionMask = 2147483647;
			files = (
			);
			runOnlyForDeploymentPostprocessing = 0;
		};
		FA35F96A2D63E8AE00471A66 /* Frameworks */ = {
			isa = PBXFrameworksBuildPhase;
			buildActionMask = 2147483647;
			files = (
			);
			runOnlyForDeploymentPostprocessing = 0;
		};
/* End PBXFrameworksBuildPhase section */

/* Begin PBXGroup section */
		FA35F94A2D63E8AC00471A66 = {
			isa = PBXGroup;
			children = (
				FA35F9552D63E8AC00471A66 /* FruitWalk */,
				FA35F9662D63E8AE00471A66 /* FruitWalkTests */,
				FA35F9702D63E8AE00471A66 /* FruitWalkUITests */,
				FA35F9542D63E8AC00471A66 /* Products */,
			);
			sourceTree = "<group>";
		};
		FA35F9542D63E8AC00471A66 /* Products */ = {
			isa = PBXGroup;
			children = (
				FA35F9532D63E8AC00471A66 /* FruitWalk.app */,
				FA35F9632D63E8AE00471A66 /* FruitWalkTests.xctest */,
				FA35F96D2D63E8AE00471A66 /* FruitWalkUITests.xctest */,
			);
			name = Products;
			sourceTree = "<group>";
		};
/* End PBXGroup section */

/* Begin PBXNativeTarget section */
		FA35F9522D63E8AC00471A66 /* FruitWalk */ = {
			isa = PBXNativeTarget;
			buildConfigurationList = FA35F9772D63E8AE00471A66 /* Build configuration list for PBXNativeTarget "FruitWalk" */;
			buildPhases = (
				FA35F94F2D63E8AC00471A66 /* Sources */,
				FA35F9502D63E8AC00471A66 /* Frameworks */,
				FA35F9512D63E8AC00471A66 /* Resources */,
			);
			buildRules = (
			);
			dependencies = (
			);
			fileSystemSynchronizedGroups = (
				FA35F9552D63E8AC00471A66 /* FruitWalk */,
			);
			name = FruitWalk;
			packageProductDependencies = (
			);
			productName = FruitWalk;
			productReference = FA35F9532D63E8AC00471A66 /* FruitWalk.app */;
			productType = "com.apple.product-type.application";
		};
		FA35F9622D63E8AE00471A66 /* FruitWalkTests */ = {
			isa = PBXNativeTarget;
			buildConfigurationList = FA35F97A2D63E8AE00471A66 /* Build configuration list for PBXNativeTarget "FruitWalkTests" */;
			buildPhases = (
				FA35F95F2D63E8AE00471A66 /* Sources */,
				FA35F9602D63E8AE00471A66 /* Frameworks */,
				FA35F9612D63E8AE00471A66 /* Resources */,
			);
			buildRules = (
			);
			dependencies = (
				FA35F9652D63E8AE00471A66 /* PBXTargetDependency */,
			);
			fileSystemSynchronizedGroups = (
				FA35F9662D63E8AE00471A66 /* FruitWalkTests */,
			);
			name = FruitWalkTests;
			packageProductDependencies = (
			);
			productName = FruitWalkTests;
			productReference = FA35F9632D63E8AE00471A66 /* FruitWalkTests.xctest */;
			productType = "com.apple.product-type.bundle.unit-test";
		};
		FA35F96C2D63E8AE00471A66 /* FruitWalkUITests */ = {
			isa = PBXNativeTarget;
			buildConfigurationList = FA35F97D2D63E8AE00471A66 /* Build configuration list for PBXNativeTarget "FruitWalkUITests" */;
			buildPhases = (
				FA35F9692D63E8AE00471A66 /* Sources */,
				FA35F96A2D63E8AE00471A66 /* Frameworks */,
				FA35F96B2D63E8AE00471A66 /* Resources */,
			);
			buildRules = (
			);
			dependencies = (
				FA35F96F2D63E8AE00471A66 /* PBXTargetDependency */,
			);
			fileSystemSynchronizedGroups = (
				FA35F9702D63E8AE00471A66 /* FruitWalkUITests */,
			);
			name = FruitWalkUITests;
			packageProductDependencies = (
			);
			productName = FruitWalkUITests;
			productReference = FA35F96D2D63E8AE00471A66 /* FruitWalkUITests.xctest */;
			productType = "com.apple.product-type.bundle.ui-testing";
		};
/* End PBXNativeTarget section */

/* Begin PBXProject section */
		FA35F94B2D63E8AC00471A66 /* Project object */ = {
			isa = PBXProject;
			attributes = {
				BuildIndependentTargetsInParallel = 1;
				LastSwiftUpdateCheck = 1620;
				LastUpgradeCheck = 1620;
				TargetAttributes = {
					FA35F9522D63E8AC00471A66 = {
						CreatedOnToolsVersion = 16.2;
					};
					FA35F9622D63E8AE00471A66 = {
						CreatedOnToolsVersion = 16.2;
						TestTargetID = FA35F9522D63E8AC00471A66;
					};
					FA35F96C2D63E8AE00471A66 = {
						CreatedOnToolsVersion = 16.2;
						TestTargetID = FA35F9522D63E8AC00471A66;
					};
				};
			};
			buildConfigurationList = FA35F94E2D63E8AC00471A66 /* Build configuration list for PBXProject "FruitWalk" */;
			developmentRegion = en;
			hasScannedForEncodings = 0;
			knownRegions = (
				en,
				Base,
			);
			mainGroup = FA35F94A2D63E8AC00471A66;
			minimizedProjectReferenceProxies = 1;
			packageReferences = (
			);
			preferredProjectObjectVersion = 77;
			productRefGroup = FA35F9542D63E8AC00471A66 /* Products */;
			projectDirPath = "";
			projectRoot = "";
			targets = (
				FA35F9522D63E8AC00471A66 /* FruitWalk */,
				FA35F9622D63E8AE00471A66 /* FruitWalkTests */,
				FA35F96C2D63E8AE00471A66 /* FruitWalkUITests */,
			);
		};
/* End PBXProject section */

/* Begin PBXResourcesBuildPhase section */
		FA35F9512D63E8AC00471A66 /* Resources */ = {
			isa = PBXResourcesBuildPhase;
			buildActionMask = 2147483647;
			files = (
			);
			runOnlyForDeploymentPostprocessing = 0;
		};
		FA35F9612D63E8AE00471A66 /* Resources */ = {
			isa = PBXResourcesBuildPhase;
			buildActionMask = 2147483647;
			files = (
			);
			runOnlyForDeploymentPostprocessing = 0;
		};
		FA35F96B2D63E8AE00471A66 /* Resources */ = {
			isa = PBXResourcesBuildPhase;
			buildActionMask = 2147483647;
			files = (
			);
			runOnlyForDeploymentPostprocessing = 0;
		};
/* End PBXResourcesBuildPhase section */

/* Begin PBXSourcesBuildPhase section */
		FA35F94F2D63E8AC00471A66 /* Sources */ = {
			isa = PBXSourcesBuildPhase;
			buildActionMask = 2147483647;
			files = (
			);
			runOnlyForDeploymentPostprocessing = 0;
		};
		FA35F95F2D63E8AE00471A66 /* Sources */ = {
			isa = PBXSourcesBuildPhase;
			buildActionMask = 2147483647;
			files = (
			);
			runOnlyForDeploymentPostprocessing = 0;
		};
		FA35F9692D63E8AE00471A66 /* Sources */ = {
			isa = PBXSourcesBuildPhase;
			buildActionMask = 2147483647;
			files = (
			);
			runOnlyForDeploymentPostprocessing = 0;
		};
/* End PBXSourcesBuildPhase section */

/* Begin PBXTargetDependency section */
		FA35F9652D63E8AE00471A66 /* PBXTargetDependency */ = {
			isa = PBXTargetDependency;
			target = FA35F9522D63E8AC00471A66 /* FruitWalk */;
			targetProxy = FA35F9642D63E8AE00471A66 /* PBXContainerItemProxy */;
		};
		FA35F96F2D63E8AE00471A66 /* PBXTargetDependency */ = {
			isa = PBXTargetDependency;
			target = FA35F9522D63E8AC00471A66 /* FruitWalk */;
			targetProxy = FA35F96E2D63E8AE00471A66 /* PBXContainerItemProxy */;
		};
/* End PBXTargetDependency section */

/* Begin XCBuildConfiguration section */
		FA35F9752D63E8AE00471A66 /* Debug */ = {
			isa = XCBuildConfiguration;
			buildSettings = {
				ALWAYS_SEARCH_USER_PATHS = NO;
				ASSETCATALOG_COMPILER_GENERATE_SWIFT_ASSET_SYMBOL_EXTENSIONS = YES;
				CLANG_ANALYZER_NONNULL = YES;
				CLANG_ANALYZER_NUMBER_OBJECT_CONVERSION = YES_AGGRESSIVE;
				CLANG_CXX_LANGUAGE_STANDARD = "gnu++20";
				CLANG_ENABLE_MODULES = YES;
				CLANG_ENABLE_OBJC_ARC = YES;
				CLANG_ENABLE_OBJC_WEAK = YES;
				CLANG_WARN_BLOCK_CAPTURE_AUTORELEASING = YES;
				CLANG_WARN_BOOL_CONVERSION = YES;
				CLANG_WARN_COMMA = YES;
				CLANG_WARN_CONSTANT_CONVERSION = YES;
				CLANG_WARN_DEPRECATED_OBJC_IMPLEMENTATIONS = YES;
				CLANG_WARN_DIRECT_OBJC_ISA_USAGE = YES_ERROR;
				CLANG_WARN_DOCUMENTATION_COMMENTS = YES;
				CLANG_WARN_EMPTY_BODY = YES;
				CLANG_WARN_ENUM_CONVERSION = YES;
				CLANG_WARN_INFINITE_RECURSION = YES;
				CLANG_WARN_INT_CONVERSION = YES;
				CLANG_WARN_NON_LITERAL_NULL_CONVERSION = YES;
				CLANG_WARN_OBJC_IMPLICIT_RETAIN_SELF = YES;
				CLANG_WARN_OBJC_LITERAL_CONVERSION = YES;
				CLANG_WARN_OBJC_ROOT_CLASS = YES_ERROR;
				CLANG_WARN_QUOTED_INCLUDE_IN_FRAMEWORK_HEADER = YES;
				CLANG_WARN_RANGE_LOOP_ANALYSIS = YES;
				CLANG_WARN_STRICT_PROTOTYPES = YES;
				CLANG_WARN_SUSPICIOUS_MOVE = YES;
				CLANG_WARN_UNGUARDED_AVAILABILITY = YES_AGGRESSIVE;
				CLANG_WARN_UNREACHABLE_CODE = YES;
				CLANG_WARN__DUPLICATE_METHOD_MATCH = YES;
				COPY_PHASE_STRIP = NO;
				DEBUG_INFORMATION_FORMAT = dwarf;
				ENABLE_STRICT_OBJC_MSGSEND = YES;
				ENABLE_TESTABILITY = YES;
				ENABLE_USER_SCRIPT_SANDBOXING = YES;
				GCC_C_LANGUAGE_STANDARD = gnu17;
				GCC_DYNAMIC_NO_PIC = NO;
				GCC_NO_COMMON_BLOCKS = YES;
				GCC_OPTIMIZATION_LEVEL = 0;
				GCC_PREPROCESSOR_DEFINITIONS = (
					"DEBUG=1",
					"$(inherited)",
				);
				GCC_WARN_64_TO_32_BIT_CONVERSION = YES;
				GCC_WARN_ABOUT_RETURN_TYPE = YES_ERROR;
				GCC_WARN_UNDECLARED_SELECTOR = YES;
				GCC_WARN_UNINITIALIZED_AUTOS = YES_AGGRESSIVE;
				GCC_WARN_UNUSED_FUNCTION = YES;
				GCC_WARN_UNUSED_VARIABLE = YES;
				"INFOPLIST_FILE[sdk=*]" = "";
				IPHONEOS_DEPLOYMENT_TARGET = 18.2;
				LOCALIZATION_PREFERS_STRING_CATALOGS = YES;
				MTL_ENABLE_DEBUG_INFO = INCLUDE_SOURCE;
				MTL_FAST_MATH = YES;
				ONLY_ACTIVE_ARCH = YES;
				SDKROOT = iphoneos;
				SWIFT_ACTIVE_COMPILATION_CONDITIONS = "DEBUG $(inherited)";
				SWIFT_OPTIMIZATION_LEVEL = "-Onone";
			};
			name = Debug;
		};
		FA35F9762D63E8AE00471A66 /* Release */ = {
			isa = XCBuildConfiguration;
			buildSettings = {
				ALWAYS_SEARCH_USER_PATHS = NO;
				ASSETCATALOG_COMPILER_GENERATE_SWIFT_ASSET_SYMBOL_EXTENSIONS = YES;
				CLANG_ANALYZER_NONNULL = YES;
				CLANG_ANALYZER_NUMBER_OBJECT_CONVERSION = YES_AGGRESSIVE;
				CLANG_CXX_LANGUAGE_STANDARD = "gnu++20";
				CLANG_ENABLE_MODULES = YES;
				CLANG_ENABLE_OBJC_ARC = YES;
				CLANG_ENABLE_OBJC_WEAK = YES;
				CLANG_WARN_BLOCK_CAPTURE_AUTORELEASING = YES;
				CLANG_WARN_BOOL_CONVERSION = YES;
				CLANG_WARN_COMMA = YES;
				CLANG_WARN_CONSTANT_CONVERSION = YES;
				CLANG_WARN_DEPRECATED_OBJC_IMPLEMENTATIONS = YES;
				CLANG_WARN_DIRECT_OBJC_ISA_USAGE = YES_ERROR;
				CLANG_WARN_DOCUMENTATION_COMMENTS = YES;
				CLANG_WARN_EMPTY_BODY = YES;
				CLANG_WARN_ENUM_CONVERSION = YES;
				CLANG_WARN_INFINITE_RECURSION = YES;
				CLANG_WARN_INT_CONVERSION = YES;
				CLANG_WARN_NON_LITERAL_NULL_CONVERSION = YES;
				CLANG_WARN_OBJC_IMPLICIT_RETAIN_SELF = YES;
				CLANG_WARN_OBJC_LITERAL_CONVERSION = YES;
				CLANG_WARN_OBJC_ROOT_CLASS = YES_ERROR;
				CLANG_WARN_QUOTED_INCLUDE_IN_FRAMEWORK_HEADER = YES;
				CLANG_WARN_RANGE_LOOP_ANALYSIS = YES;
				CLANG_WARN_STRICT_PROTOTYPES = YES;
				CLANG_WARN_SUSPICIOUS_MOVE = YES;
				CLANG_WARN_UNGUARDED_AVAILABILITY = YES_AGGRESSIVE;
				CLANG_WARN_UNREACHABLE_CODE = YES;
				CLANG_WARN__DUPLICATE_METHOD_MATCH = YES;
				COPY_PHASE_STRIP = NO;
				DEBUG_INFORMATION_FORMAT = "dwarf-with-dsym";
				ENABLE_NS_ASSERTIONS = NO;
				ENABLE_STRICT_OBJC_MSGSEND = YES;
				ENABLE_USER_SCRIPT_SANDBOXING = YES;
				GCC_C_LANGUAGE_STANDARD = gnu17;
				GCC_NO_COMMON_BLOCKS = YES;
				GCC_WARN_64_TO_32_BIT_CONVERSION = YES;
				GCC_WARN_ABOUT_RETURN_TYPE = YES_ERROR;
				GCC_WARN_UNDECLARED_SELECTOR = YES;
				GCC_WARN_UNINITIALIZED_AUTOS = YES_AGGRESSIVE;
				GCC_WARN_UNUSED_FUNCTION = YES;
				GCC_WARN_UNUSED_VARIABLE = YES;
				"INFOPLIST_FILE[sdk=*]" = "";
				IPHONEOS_DEPLOYMENT_TARGET = 18.2;
				LOCALIZATION_PREFERS_STRING_CATALOGS = YES;
				MTL_ENABLE_DEBUG_INFO = NO;
				MTL_FAST_MATH = YES;
				SDKROOT = iphoneos;
				SWIFT_COMPILATION_MODE = wholemodule;
				VALIDATE_PRODUCT = YES;
			};
			name = Release;
		};
		FA35F9782D63E8AE00471A66 /* Debug */ = {
			isa = XCBuildConfiguration;
			buildSettings = {
				ASSETCATALOG_COMPILER_APPICON_NAME = AppIcon;
				ASSETCATALOG_COMPILER_GLOBAL_ACCENT_COLOR_NAME = AccentColor;
				CODE_SIGN_IDENTITY = "Apple Development";
				CODE_SIGN_STYLE = Automatic;
				CURRENT_PROJECT_VERSION = 1;
				DEVELOPMENT_ASSET_PATHS = "\"FruitWalk/Preview Content\"";
				DEVELOPMENT_TEAM = 3EE8A56RC3;
				ENABLE_PREVIEWS = YES;
				GENERATE_INFOPLIST_FILE = YES;
				INFOPLIST_FILE = "";
				INFOPLIST_KEY_NSLocationWhenInUseUsageDescription = "\"Allow access to your location to help find fruit\"";
				INFOPLIST_KEY_UIApplicationSupportsIndirectInputEvents = YES;
				INFOPLIST_KEY_UILaunchScreen_Generation = YES;
				INFOPLIST_KEY_UISupportedInterfaceOrientations_iPad = "UIInterfaceOrientationPortrait UIInterfaceOrientationPortraitUpsideDown UIInterfaceOrientationLandscapeLeft UIInterfaceOrientationLandscapeRight";
				INFOPLIST_KEY_UISupportedInterfaceOrientations_iPhone = "UIInterfaceOrientationPortrait UIInterfaceOrientationLandscapeLeft UIInterfaceOrientationLandscapeRight";
				IPHONEOS_DEPLOYMENT_TARGET = 17.6;
				LD_RUNPATH_SEARCH_PATHS = (
					"$(inherited)",
					"@executable_path/Frameworks",
				);
				MARKETING_VERSION = 1.0;
				PRODUCT_BUNDLE_IDENTIFIER = com.claireschendel.FruitWalk;
				PRODUCT_NAME = "$(TARGET_NAME)";
				PROVISIONING_PROFILE_SPECIFIER = "";
				SWIFT_EMIT_LOC_STRINGS = YES;
				SWIFT_VERSION = 5.0;
				TARGETED_DEVICE_FAMILY = "1,2";
			};
			name = Debug;
		};
		FA35F9792D63E8AE00471A66 /* Release */ = {
			isa = XCBuildConfiguration;
			buildSettings = {
				ASSETCATALOG_COMPILER_APPICON_NAME = AppIcon;
				ASSETCATALOG_COMPILER_GLOBAL_ACCENT_COLOR_NAME = AccentColor;
				CODE_SIGN_IDENTITY = "Apple Development";
				CODE_SIGN_STYLE = Automatic;
				CURRENT_PROJECT_VERSION = 1;
				DEVELOPMENT_ASSET_PATHS = "\"FruitWalk/Preview Content\"";
				DEVELOPMENT_TEAM = 3EE8A56RC3;
				ENABLE_PREVIEWS = YES;
				GENERATE_INFOPLIST_FILE = YES;
				INFOPLIST_FILE = "";
				INFOPLIST_KEY_NSLocationWhenInUseUsageDescription = "\"Allow access to your location to help find fruit\"";
				INFOPLIST_KEY_UIApplicationSupportsIndirectInputEvents = YES;
				INFOPLIST_KEY_UILaunchScreen_Generation = YES;
				INFOPLIST_KEY_UISupportedInterfaceOrientations_iPad = "UIInterfaceOrientationPortrait UIInterfaceOrientationPortraitUpsideDown UIInterfaceOrientationLandscapeLeft UIInterfaceOrientationLandscapeRight";
				INFOPLIST_KEY_UISupportedInterfaceOrientations_iPhone = "UIInterfaceOrientationPortrait UIInterfaceOrientationLandscapeLeft UIInterfaceOrientationLandscapeRight";
				IPHONEOS_DEPLOYMENT_TARGET = 17.6;
				LD_RUNPATH_SEARCH_PATHS = (
					"$(inherited)",
					"@executable_path/Frameworks",
				);
				MARKETING_VERSION = 1.0;
				PRODUCT_BUNDLE_IDENTIFIER = com.claireschendel.FruitWalk;
				PRODUCT_NAME = "$(TARGET_NAME)";
				PROVISIONING_PROFILE_SPECIFIER = "";
				SWIFT_EMIT_LOC_STRINGS = YES;
				SWIFT_VERSION = 5.0;
				TARGETED_DEVICE_FAMILY = "1,2";
			};
			name = Release;
		};
		FA35F97B2D63E8AE00471A66 /* Debug */ = {
			isa = XCBuildConfiguration;
			buildSettings = {
				BUNDLE_LOADER = "$(TEST_HOST)";
				CODE_SIGN_STYLE = Automatic;
				CURRENT_PROJECT_VERSION = 1;
				GENERATE_INFOPLIST_FILE = YES;
				IPHONEOS_DEPLOYMENT_TARGET = 18.2;
				MARKETING_VERSION = 1.0;
				PRODUCT_BUNDLE_IDENTIFIER = com.claireschendel.FruitWalkTests;
				PRODUCT_NAME = "$(TARGET_NAME)";
				SWIFT_EMIT_LOC_STRINGS = NO;
				SWIFT_VERSION = 5.0;
				TARGETED_DEVICE_FAMILY = "1,2";
				TEST_HOST = "$(BUILT_PRODUCTS_DIR)/FruitWalk.app/$(BUNDLE_EXECUTABLE_FOLDER_PATH)/FruitWalk";
			};
			name = Debug;
		};
		FA35F97C2D63E8AE00471A66 /* Release */ = {
			isa = XCBuildConfiguration;
			buildSettings = {
				BUNDLE_LOADER = "$(TEST_HOST)";
				CODE_SIGN_STYLE = Automatic;
				CURRENT_PROJECT_VERSION = 1;
				GENERATE_INFOPLIST_FILE = YES;
				IPHONEOS_DEPLOYMENT_TARGET = 18.2;
				MARKETING_VERSION = 1.0;
				PRODUCT_BUNDLE_IDENTIFIER = com.claireschendel.FruitWalkTests;
				PRODUCT_NAME = "$(TARGET_NAME)";
				SWIFT_EMIT_LOC_STRINGS = NO;
				SWIFT_VERSION = 5.0;
				TARGETED_DEVICE_FAMILY = "1,2";
				TEST_HOST = "$(BUILT_PRODUCTS_DIR)/FruitWalk.app/$(BUNDLE_EXECUTABLE_FOLDER_PATH)/FruitWalk";
			};
			name = Release;
		};
		FA35F97E2D63E8AE00471A66 /* Debug */ = {
			isa = XCBuildConfiguration;
			buildSettings = {
				CODE_SIGN_STYLE = Automatic;
				CURRENT_PROJECT_VERSION = 1;
				GENERATE_INFOPLIST_FILE = YES;
				MARKETING_VERSION = 1.0;
				PRODUCT_BUNDLE_IDENTIFIER = com.claireschendel.FruitWalkUITests;
				PRODUCT_NAME = "$(TARGET_NAME)";
				SWIFT_EMIT_LOC_STRINGS = NO;
				SWIFT_VERSION = 5.0;
				TARGETED_DEVICE_FAMILY = "1,2";
				TEST_TARGET_NAME = FruitWalk;
			};
			name = Debug;
		};
		FA35F97F2D63E8AE00471A66 /* Release */ = {
			isa = XCBuildConfiguration;
			buildSettings = {
				CODE_SIGN_STYLE = Automatic;
				CURRENT_PROJECT_VERSION = 1;
				DEVELOPMENT_TEAM = 3EE8A56RC3;
				GENERATE_INFOPLIST_FILE = YES;
				MARKETING_VERSION = 1.0;
				PRODUCT_BUNDLE_IDENTIFIER = com.claireschendel.FruitWalkUITests;
				PRODUCT_NAME = "$(TARGET_NAME)";
				SWIFT_EMIT_LOC_STRINGS = NO;
				SWIFT_VERSION = 5.0;
				TARGETED_DEVICE_FAMILY = "1,2";
				TEST_TARGET_NAME = FruitWalk;
			};
			name = Release;
		};
/* End XCBuildConfiguration section */

/* Begin XCConfigurationList section */
		FA35F94E2D63E8AC00471A66 /* Build configuration list for PBXProject "FruitWalk" */ = {
			isa = XCConfigurationList;
			buildConfigurations = (
				FA35F9752D63E8AE00471A66 /* Debug */,
				FA35F9762D63E8AE00471A66 /* Release */,
			);
			defaultConfigurationIsVisible = 0;
			defaultConfigurationName = Release;
		};
		FA35F9772D63E8AE00471A66 /* Build configuration list for PBXNativeTarget "FruitWalk" */ = {
			isa = XCConfigurationList;
			buildConfigurations = (
				FA35F9782D63E8AE00471A66 /* Debug */,
				FA35F9792D63E8AE00471A66 /* Release */,
			);
			defaultConfigurationIsVisible = 0;
			defaultConfigurationName = Release;
		};
		FA35F97A2D63E8AE00471A66 /* Build configuration list for PBXNativeTarget "FruitWalkTests" */ = {
			isa = XCConfigurationList;
			buildConfigurations = (
				FA35F97B2D63E8AE00471A66 /* Debug */,
				FA35F97C2D63E8AE00471A66 /* Release */,
			);
			defaultConfigurationIsVisible = 0;
			defaultConfigurationName = Release;
		};
		FA35F97D2D63E8AE00471A66 /* Build configuration list for PBXNativeTarget "FruitWalkUITests" */ = {
			isa = XCConfigurationList;
			buildConfigurations = (
				FA35F97E2D63E8AE00471A66 /* Debug */,
				FA35F97F2D63E8AE00471A66 /* Release */,
			);
			defaultConfigurationIsVisible = 0;
			defaultConfigurationName = Release;
		};
/* End XCConfigurationList section */
	};
	rootObject = FA35F94B2D63E8AC00471A66 /* Project object */;
}
